// !$*UTF8*$!
{
	archiveVersion = 1;
	classes = {
	};
	objectVersion = 46;
	objects = {

/* Begin PBXBuildFile section */
		260B59711F0CC12600E06BB3 /* AppDelegate.swift in Sources */ = {isa = PBXBuildFile; fileRef = 260B59701F0CC12600E06BB3 /* AppDelegate.swift */; };
		260B59731F0CC12600E06BB3 /* ViewController.swift in Sources */ = {isa = PBXBuildFile; fileRef = 260B59721F0CC12600E06BB3 /* ViewController.swift */; };
		260B59761F0CC12600E06BB3 /* Main.storyboard in Resources */ = {isa = PBXBuildFile; fileRef = 260B59741F0CC12600E06BB3 /* Main.storyboard */; };
		260B59781F0CC12600E06BB3 /* Assets.xcassets in Resources */ = {isa = PBXBuildFile; fileRef = 260B59771F0CC12600E06BB3 /* Assets.xcassets */; };
		260B597B1F0CC12600E06BB3 /* LaunchScreen.storyboard in Resources */ = {isa = PBXBuildFile; fileRef = 260B59791F0CC12600E06BB3 /* LaunchScreen.storyboard */; };
		260B59861F0CC12600E06BB3 /* LeHongPhong_14110409_bai2Tests.swift in Sources */ = {isa = PBXBuildFile; fileRef = 260B59851F0CC12600E06BB3 /* LeHongPhong_14110409_bai2Tests.swift */; };
		260B59911F0CC12600E06BB3 /* LeHongPhong_14110409_bai2UITests.swift in Sources */ = {isa = PBXBuildFile; fileRef = 260B59901F0CC12600E06BB3 /* LeHongPhong_14110409_bai2UITests.swift */; };
/* End PBXBuildFile section */

/* Begin PBXContainerItemProxy section */
		260B59821F0CC12600E06BB3 /* PBXContainerItemProxy */ = {
			isa = PBXContainerItemProxy;
			containerPortal = 260B59651F0CC12600E06BB3 /* Project object */;
			proxyType = 1;
			remoteGlobalIDString = 260B596C1F0CC12600E06BB3;
			remoteInfo = LeHongPhong_14110409_bai2;
		};
		260B598D1F0CC12600E06BB3 /* PBXContainerItemProxy */ = {
			isa = PBXContainerItemProxy;
			containerPortal = 260B59651F0CC12600E06BB3 /* Project object */;
			proxyType = 1;
			remoteGlobalIDString = 260B596C1F0CC12600E06BB3;
			remoteInfo = LeHongPhong_14110409_bai2;
		};
/* End PBXContainerItemProxy section */

/* Begin PBXFileReference section */
		260B596D1F0CC12600E06BB3 /* LeHongPhong_14110409_bai2.app */ = {isa = PBXFileReference; explicitFileType = wrapper.application; includeInIndex = 0; path = LeHongPhong_14110409_bai2.app; sourceTree = BUILT_PRODUCTS_DIR; };
		260B59701F0CC12600E06BB3 /* AppDelegate.swift */ = {isa = PBXFileReference; lastKnownFileType = sourcecode.swift; path = AppDelegate.swift; sourceTree = "<group>"; };
		260B59721F0CC12600E06BB3 /* ViewController.swift */ = {isa = PBXFileReference; lastKnownFileType = sourcecode.swift; path = ViewController.swift; sourceTree = "<group>"; };
		260B59751F0CC12600E06BB3 /* Base */ = {isa = PBXFileReference; lastKnownFileType = file.storyboard; name = Base; path = Base.lproj/Main.storyboard; sourceTree = "<group>"; };
		260B59771F0CC12600E06BB3 /* Assets.xcassets */ = {isa = PBXFileReference; lastKnownFileType = folder.assetcatalog; path = Assets.xcassets; sourceTree = "<group>"; };
		260B597A1F0CC12600E06BB3 /* Base */ = {isa = PBXFileReference; lastKnownFileType = file.storyboard; name = Base; path = Base.lproj/LaunchScreen.storyboard; sourceTree = "<group>"; };
		260B597C1F0CC12600E06BB3 /* Info.plist */ = {isa = PBXFileReference; lastKnownFileType = text.plist.xml; path = Info.plist; sourceTree = "<group>"; };
		260B59811F0CC12600E06BB3 /* LeHongPhong_14110409_bai2Tests.xctest */ = {isa = PBXFileReference; explicitFileType = wrapper.cfbundle; includeInIndex = 0; path = LeHongPhong_14110409_bai2Tests.xctest; sourceTree = BUILT_PRODUCTS_DIR; };
		260B59851F0CC12600E06BB3 /* LeHongPhong_14110409_bai2Tests.swift */ = {isa = PBXFileReference; lastKnownFileType = sourcecode.swift; path = LeHongPhong_14110409_bai2Tests.swift; sourceTree = "<group>"; };
		260B59871F0CC12600E06BB3 /* Info.plist */ = {isa = PBXFileReference; lastKnownFileType = text.plist.xml; path = Info.plist; sourceTree = "<group>"; };
		260B598C1F0CC12600E06BB3 /* LeHongPhong_14110409_bai2UITests.xctest */ = {isa = PBXFileReference; explicitFileType = wrapper.cfbundle; includeInIndex = 0; path = LeHongPhong_14110409_bai2UITests.xctest; sourceTree = BUILT_PRODUCTS_DIR; };
		260B59901F0CC12600E06BB3 /* LeHongPhong_14110409_bai2UITests.swift */ = {isa = PBXFileReference; lastKnownFileType = sourcecode.swift; path = LeHongPhong_14110409_bai2UITests.swift; sourceTree = "<group>"; };
		260B59921F0CC12600E06BB3 /* Info.plist */ = {isa = PBXFileReference; lastKnownFileType = text.plist.xml; path = Info.plist; sourceTree = "<group>"; };
/* End PBXFileReference section */

/* Begin PBXFrameworksBuildPhase section */
		260B596A1F0CC12600E06BB3 /* Frameworks */ = {
			isa = PBXFrameworksBuildPhase;
			buildActionMask = 2147483647;
			files = (
			);
			runOnlyForDeploymentPostprocessing = 0;
		};
		260B597E1F0CC12600E06BB3 /* Frameworks */ = {
			isa = PBXFrameworksBuildPhase;
			buildActionMask = 2147483647;
			files = (
			);
			runOnlyForDeploymentPostprocessing = 0;
		};
		260B59891F0CC12600E06BB3 /* Frameworks */ = {
			isa = PBXFrameworksBuildPhase;
			buildActionMask = 2147483647;
			files = (
			);
			runOnlyForDeploymentPostprocessing = 0;
		};
/* End PBXFrameworksBuildPhase section */

/* Begin PBXGroup section */
		260B59641F0CC12600E06BB3 = {
			isa = PBXGroup;
			children = (
				260B596F1F0CC12600E06BB3 /* LeHongPhong_14110409_bai2 */,
				260B59841F0CC12600E06BB3 /* LeHongPhong_14110409_bai2Tests */,
				260B598F1F0CC12600E06BB3 /* LeHongPhong_14110409_bai2UITests */,
				260B596E1F0CC12600E06BB3 /* Products */,
			);
			sourceTree = "<group>";
		};
		260B596E1F0CC12600E06BB3 /* Products */ = {
			isa = PBXGroup;
			children = (
				260B596D1F0CC12600E06BB3 /* LeHongPhong_14110409_bai2.app */,
				260B59811F0CC12600E06BB3 /* LeHongPhong_14110409_bai2Tests.xctest */,
				260B598C1F0CC12600E06BB3 /* LeHongPhong_14110409_bai2UITests.xctest */,
			);
			name = Products;
			sourceTree = "<group>";
		};
		260B596F1F0CC12600E06BB3 /* LeHongPhong_14110409_bai2 */ = {
			isa = PBXGroup;
			children = (
				260B59701F0CC12600E06BB3 /* AppDelegate.swift */,
				260B59721F0CC12600E06BB3 /* ViewController.swift */,
				260B59741F0CC12600E06BB3 /* Main.storyboard */,
				260B59771F0CC12600E06BB3 /* Assets.xcassets */,
				260B59791F0CC12600E06BB3 /* LaunchScreen.storyboard */,
				260B597C1F0CC12600E06BB3 /* Info.plist */,
			);
			path = LeHongPhong_14110409_bai2;
			sourceTree = "<group>";
		};
		260B59841F0CC12600E06BB3 /* LeHongPhong_14110409_bai2Tests */ = {
			isa = PBXGroup;
			children = (
				260B59851F0CC12600E06BB3 /* LeHongPhong_14110409_bai2Tests.swift */,
				260B59871F0CC12600E06BB3 /* Info.plist */,
			);
			path = LeHongPhong_14110409_bai2Tests;
			sourceTree = "<group>";
		};
		260B598F1F0CC12600E06BB3 /* LeHongPhong_14110409_bai2UITests */ = {
			isa = PBXGroup;
			children = (
				260B59901F0CC12600E06BB3 /* LeHongPhong_14110409_bai2UITests.swift */,
				260B59921F0CC12600E06BB3 /* Info.plist */,
			);
			path = LeHongPhong_14110409_bai2UITests;
			sourceTree = "<group>";
		};
/* End PBXGroup section */

/* Begin PBXNativeTarget section */
		260B596C1F0CC12600E06BB3 /* LeHongPhong_14110409_bai2 */ = {
			isa = PBXNativeTarget;
			buildConfigurationList = 260B59951F0CC12600E06BB3 /* Build configuration list for PBXNativeTarget "LeHongPhong_14110409_bai2" */;
			buildPhases = (
				260B59691F0CC12600E06BB3 /* Sources */,
				260B596A1F0CC12600E06BB3 /* Frameworks */,
				260B596B1F0CC12600E06BB3 /* Resources */,
			);
			buildRules = (
			);
			dependencies = (
			);
			name = LeHongPhong_14110409_bai2;
			productName = LeHongPhong_14110409_bai2;
			productReference = 260B596D1F0CC12600E06BB3 /* LeHongPhong_14110409_bai2.app */;
			productType = "com.apple.product-type.application";
		};
		260B59801F0CC12600E06BB3 /* LeHongPhong_14110409_bai2Tests */ = {
			isa = PBXNativeTarget;
			buildConfigurationList = 260B59981F0CC12600E06BB3 /* Build configuration list for PBXNativeTarget "LeHongPhong_14110409_bai2Tests" */;
			buildPhases = (
				260B597D1F0CC12600E06BB3 /* Sources */,
				260B597E1F0CC12600E06BB3 /* Frameworks */,
				260B597F1F0CC12600E06BB3 /* Resources */,
			);
			buildRules = (
			);
			dependencies = (
				260B59831F0CC12600E06BB3 /* PBXTargetDependency */,
			);
			name = LeHongPhong_14110409_bai2Tests;
			productName = LeHongPhong_14110409_bai2Tests;
			productReference = 260B59811F0CC12600E06BB3 /* LeHongPhong_14110409_bai2Tests.xctest */;
			productType = "com.apple.product-type.bundle.unit-test";
		};
		260B598B1F0CC12600E06BB3 /* LeHongPhong_14110409_bai2UITests */ = {
			isa = PBXNativeTarget;
			buildConfigurationList = 260B599B1F0CC12600E06BB3 /* Build configuration list for PBXNativeTarget "LeHongPhong_14110409_bai2UITests" */;
			buildPhases = (
				260B59881F0CC12600E06BB3 /* Sources */,
				260B59891F0CC12600E06BB3 /* Frameworks */,
				260B598A1F0CC12600E06BB3 /* Resources */,
			);
			buildRules = (
			);
			dependencies = (
				260B598E1F0CC12600E06BB3 /* PBXTargetDependency */,
			);
			name = LeHongPhong_14110409_bai2UITests;
			productName = LeHongPhong_14110409_bai2UITests;
			productReference = 260B598C1F0CC12600E06BB3 /* LeHongPhong_14110409_bai2UITests.xctest */;
			productType = "com.apple.product-type.bundle.ui-testing";
		};
/* End PBXNativeTarget section */

/* Begin PBXProject section */
		260B59651F0CC12600E06BB3 /* Project object */ = {
			isa = PBXProject;
			attributes = {
				LastSwiftUpdateCheck = 0830;
				LastUpgradeCheck = 0830;
				ORGANIZATIONNAME = PhongLe;
				TargetAttributes = {
					260B596C1F0CC12600E06BB3 = {
						CreatedOnToolsVersion = 8.3.3;
						ProvisioningStyle = Automatic;
					};
					260B59801F0CC12600E06BB3 = {
						CreatedOnToolsVersion = 8.3.3;
						ProvisioningStyle = Automatic;
						TestTargetID = 260B596C1F0CC12600E06BB3;
					};
					260B598B1F0CC12600E06BB3 = {
						CreatedOnToolsVersion = 8.3.3;
						ProvisioningStyle = Automatic;
						TestTargetID = 260B596C1F0CC12600E06BB3;
					};
				};
			};
			buildConfigurationList = 260B59681F0CC12600E06BB3 /* Build configuration list for PBXProject "LeHongPhong_14110409_bai2" */;
			compatibilityVersion = "Xcode 3.2";
			developmentRegion = English;
			hasScannedForEncodings = 0;
			knownRegions = (
				en,
				Base,
			);
			mainGroup = 260B59641F0CC12600E06BB3;
			productRefGroup = 260B596E1F0CC12600E06BB3 /* Products */;
			projectDirPath = "";
			projectRoot = "";
			targets = (
				260B596C1F0CC12600E06BB3 /* LeHongPhong_14110409_bai2 */,
				260B59801F0CC12600E06BB3 /* LeHongPhong_14110409_bai2Tests */,
				260B598B1F0CC12600E06BB3 /* LeHongPhong_14110409_bai2UITests */,
			);
		};
/* End PBXProject section */

/* Begin PBXResourcesBuildPhase section */
		260B596B1F0CC12600E06BB3 /* Resources */ = {
			isa = PBXResourcesBuildPhase;
			buildActionMask = 2147483647;
			files = (
				260B597B1F0CC12600E06BB3 /* LaunchScreen.storyboard in Resources */,
				260B59781F0CC12600E06BB3 /* Assets.xcassets in Resources */,
				260B59761F0CC12600E06BB3 /* Main.storyboard in Resources */,
			);
			runOnlyForDeploymentPostprocessing = 0;
		};
		260B597F1F0CC12600E06BB3 /* Resources */ = {
			isa = PBXResourcesBuildPhase;
			buildActionMask = 2147483647;
			files = (
			);
			runOnlyForDeploymentPostprocessing = 0;
		};
		260B598A1F0CC12600E06BB3 /* Resources */ = {
			isa = PBXResourcesBuildPhase;
			buildActionMask = 2147483647;
			files = (
			);
			runOnlyForDeploymentPostprocessing = 0;
		};
/* End PBXResourcesBuildPhase section */

/* Begin PBXSourcesBuildPhase section */
		260B59691F0CC12600E06BB3 /* Sources */ = {
			isa = PBXSourcesBuildPhase;
			buildActionMask = 2147483647;
			files = (
				260B59731F0CC12600E06BB3 /* ViewController.swift in Sources */,
				260B59711F0CC12600E06BB3 /* AppDelegate.swift in Sources */,
			);
			runOnlyForDeploymentPostprocessing = 0;
		};
		260B597D1F0CC12600E06BB3 /* Sources */ = {
			isa = PBXSourcesBuildPhase;
			buildActionMask = 2147483647;
			files = (
				260B59861F0CC12600E06BB3 /* LeHongPhong_14110409_bai2Tests.swift in Sources */,
			);
			runOnlyForDeploymentPostprocessing = 0;
		};
		260B59881F0CC12600E06BB3 /* Sources */ = {
			isa = PBXSourcesBuildPhase;
			buildActionMask = 2147483647;
			files = (
				260B59911F0CC12600E06BB3 /* LeHongPhong_14110409_bai2UITests.swift in Sources */,
			);
			runOnlyForDeploymentPostprocessing = 0;
		};
/* End PBXSourcesBuildPhase section */

/* Begin PBXTargetDependency section */
		260B59831F0CC12600E06BB3 /* PBXTargetDependency */ = {
			isa = PBXTargetDependency;
			target = 260B596C1F0CC12600E06BB3 /* LeHongPhong_14110409_bai2 */;
			targetProxy = 260B59821F0CC12600E06BB3 /* PBXContainerItemProxy */;
		};
		260B598E1F0CC12600E06BB3 /* PBXTargetDependency */ = {
			isa = PBXTargetDependency;
			target = 260B596C1F0CC12600E06BB3 /* LeHongPhong_14110409_bai2 */;
			targetProxy = 260B598D1F0CC12600E06BB3 /* PBXContainerItemProxy */;
		};
/* End PBXTargetDependency section */

/* Begin PBXVariantGroup section */
		260B59741F0CC12600E06BB3 /* Main.storyboard */ = {
			isa = PBXVariantGroup;
			children = (
				260B59751F0CC12600E06BB3 /* Base */,
			);
			name = Main.storyboard;
			sourceTree = "<group>";
		};
		260B59791F0CC12600E06BB3 /* LaunchScreen.storyboard */ = {
			isa = PBXVariantGroup;
			children = (
				260B597A1F0CC12600E06BB3 /* Base */,
			);
			name = LaunchScreen.storyboard;
			sourceTree = "<group>";
		};
/* End PBXVariantGroup section */

/* Begin XCBuildConfiguration section */
		260B59931F0CC12600E06BB3 /* Debug */ = {
			isa = XCBuildConfiguration;
			buildSettings = {
				ALWAYS_SEARCH_USER_PATHS = NO;
				CLANG_ANALYZER_NONNULL = YES;
				CLANG_ANALYZER_NUMBER_OBJECT_CONVERSION = YES_AGGRESSIVE;
				CLANG_CXX_LANGUAGE_STANDARD = "gnu++0x";
				CLANG_CXX_LIBRARY = "libc++";
				CLANG_ENABLE_MODULES = YES;
				CLANG_ENABLE_OBJC_ARC = YES;
				CLANG_WARN_BOOL_CONVERSION = YES;
				CLANG_WARN_CONSTANT_CONVERSION = YES;
				CLANG_WARN_DIRECT_OBJC_ISA_USAGE = YES_ERROR;
				CLANG_WARN_DOCUMENTATION_COMMENTS = YES;
				CLANG_WARN_EMPTY_BODY = YES;
				CLANG_WARN_ENUM_CONVERSION = YES;
				CLANG_WARN_INFINITE_RECURSION = YES;
				CLANG_WARN_INT_CONVERSION = YES;
				CLANG_WARN_OBJC_ROOT_CLASS = YES_ERROR;
				CLANG_WARN_SUSPICIOUS_MOVE = YES;
				CLANG_WARN_UNREACHABLE_CODE = YES;
				CLANG_WARN__DUPLICATE_METHOD_MATCH = YES;
				"CODE_SIGN_IDENTITY[sdk=iphoneos*]" = "iPhone Developer";
				COPY_PHASE_STRIP = NO;
				DEBUG_INFORMATION_FORMAT = dwarf;
				ENABLE_STRICT_OBJC_MSGSEND = YES;
				ENABLE_TESTABILITY = YES;
				GCC_C_LANGUAGE_STANDARD = gnu99;
				GCC_DYNAMIC_NO_PIC = NO;
				GCC_NO_COMMON_BLOCKS = YES;
				GCC_OPTIMIZATION_LEVEL = 0;
				GCC_PREPROCESSOR_DEFINITIONS = (
					"DEBUG=1",
					"$(inherited)",
				);
				GCC_WARN_64_TO_32_BIT_CONVERSION = YES;
				GCC_WARN_ABOUT_RETURN_TYPE = YES_ERROR;
				GCC_WARN_UNDECLARED_SELECTOR = YES;
				GCC_WARN_UNINITIALIZED_AUTOS = YES_AGGRESSIVE;
				GCC_WARN_UNUSED_FUNCTION = YES;
				GCC_WARN_UNUSED_VARIABLE = YES;
				IPHONEOS_DEPLOYMENT_TARGET = 10.3;
				MTL_ENABLE_DEBUG_INFO = YES;
				ONLY_ACTIVE_ARCH = YES;
				SDKROOT = iphoneos;
				SWIFT_ACTIVE_COMPILATION_CONDITIONS = DEBUG;
				SWIFT_OPTIMIZATION_LEVEL = "-Onone";
				TARGETED_DEVICE_FAMILY = "1,2";
			};
			name = Debug;
		};
		260B59941F0CC12600E06BB3 /* Release */ = {
			isa = XCBuildConfiguration;
			buildSettings = {
				ALWAYS_SEARCH_USER_PATHS = NO;
				CLANG_ANALYZER_NONNULL = YES;
				CLANG_ANALYZER_NUMBER_OBJECT_CONVERSION = YES_AGGRESSIVE;
				CLANG_CXX_LANGUAGE_STANDARD = "gnu++0x";
				CLANG_CXX_LIBRARY = "libc++";
				CLANG_ENABLE_MODULES = YES;
				CLANG_ENABLE_OBJC_ARC = YES;
				CLANG_WARN_BOOL_CONVERSION = YES;
				CLANG_WARN_CONSTANT_CONVERSION = YES;
				CLANG_WARN_DIRECT_OBJC_ISA_USAGE = YES_ERROR;
				CLANG_WARN_DOCUMENTATION_COMMENTS = YES;
				CLANG_WARN_EMPTY_BODY = YES;
				CLANG_WARN_ENUM_CONVERSION = YES;
				CLANG_WARN_INFINITE_RECURSION = YES;
				CLANG_WARN_INT_CONVERSION = YES;
				CLANG_WARN_OBJC_ROOT_CLASS = YES_ERROR;
				CLANG_WARN_SUSPICIOUS_MOVE = YES;
				CLANG_WARN_UNREACHABLE_CODE = YES;
				CLANG_WARN__DUPLICATE_METHOD_MATCH = YES;
				"CODE_SIGN_IDENTITY[sdk=iphoneos*]" = "iPhone Developer";
				COPY_PHASE_STRIP = NO;
				DEBUG_INFORMATION_FORMAT = "dwarf-with-dsym";
				ENABLE_NS_ASSERTIONS = NO;
				ENABLE_STRICT_OBJC_MSGSEND = YES;
				GCC_C_LANGUAGE_STANDARD = gnu99;
				GCC_NO_COMMON_BLOCKS = YES;
				GCC_WARN_64_TO_32_BIT_CONVERSION = YES;
				GCC_WARN_ABOUT_RETURN_TYPE = YES_ERROR;
				GCC_WARN_UNDECLARED_SELECTOR = YES;
				GCC_WARN_UNINITIALIZED_AUTOS = YES_AGGRESSIVE;
				GCC_WARN_UNUSED_FUNCTION = YES;
				GCC_WARN_UNUSED_VARIABLE = YES;
				IPHONEOS_DEPLOYMENT_TARGET = 10.3;
				MTL_ENABLE_DEBUG_INFO = NO;
				SDKROOT = iphoneos;
				SWIFT_OPTIMIZATION_LEVEL = "-Owholemodule";
				TARGETED_DEVICE_FAMILY = "1,2";
				VALIDATE_PRODUCT = YES;
			};
			name = Release;
		};
		260B59961F0CC12600E06BB3 /* Debug */ = {
			isa = XCBuildConfiguration;
			buildSettings = {
				ASSETCATALOG_COMPILER_APPICON_NAME = AppIcon;
				INFOPLIST_FILE = LeHongPhong_14110409_bai2/Info.plist;
				LD_RUNPATH_SEARCH_PATHS = "$(inherited) @executable_path/Frameworks";
				PRODUCT_BUNDLE_IDENTIFIER = "com.edu.example.LeHongPhong-14110409-bai2";
				PRODUCT_NAME = "$(TARGET_NAME)";
				SWIFT_VERSION = 3.0;
			};
			name = Debug;
		};
		260B59971F0CC12600E06BB3 /* Release */ = {
			isa = XCBuildConfiguration;
			buildSettings = {
				ASSETCATALOG_COMPILER_APPICON_NAME = AppIcon;
				INFOPLIST_FILE = LeHongPhong_14110409_bai2/Info.plist;
				LD_RUNPATH_SEARCH_PATHS = "$(inherited) @executable_path/Frameworks";
				PRODUCT_BUNDLE_IDENTIFIER = "com.edu.example.LeHongPhong-14110409-bai2";
				PRODUCT_NAME = "$(TARGET_NAME)";
				SWIFT_VERSION = 3.0;
			};
			name = Release;
		};
		260B59991F0CC12600E06BB3 /* Debug */ = {
			isa = XCBuildConfiguration;
			buildSettings = {
				ALWAYS_EMBED_SWIFT_STANDARD_LIBRARIES = YES;
				BUNDLE_LOADER = "$(TEST_HOST)";
				INFOPLIST_FILE = LeHongPhong_14110409_bai2Tests/Info.plist;
				LD_RUNPATH_SEARCH_PATHS = "$(inherited) @executable_path/Frameworks @loader_path/Frameworks";
				PRODUCT_BUNDLE_IDENTIFIER = "com.edu.example.LeHongPhong-14110409-bai2Tests";
				PRODUCT_NAME = "$(TARGET_NAME)";
				SWIFT_VERSION = 3.0;
				TEST_HOST = "$(BUILT_PRODUCTS_DIR)/LeHongPhong_14110409_bai2.app/LeHongPhong_14110409_bai2";
			};
			name = Debug;
		};
		260B599A1F0CC12600E06BB3 /* Release */ = {
			isa = XCBuildConfiguration;
			buildSettings = {
				ALWAYS_EMBED_SWIFT_STANDARD_LIBRARIES = YES;
				BUNDLE_LOADER = "$(TEST_HOST)";
				INFOPLIST_FILE = LeHongPhong_14110409_bai2Tests/Info.plist;
				LD_RUNPATH_SEARCH_PATHS = "$(inherited) @executable_path/Frameworks @loader_path/Frameworks";
				PRODUCT_BUNDLE_IDENTIFIER = "com.edu.example.LeHongPhong-14110409-bai2Tests";
				PRODUCT_NAME = "$(TARGET_NAME)";
				SWIFT_VERSION = 3.0;
				TEST_HOST = "$(BUILT_PRODUCTS_DIR)/LeHongPhong_14110409_bai2.app/LeHongPhong_14110409_bai2";
			};
			name = Release;
		};
		260B599C1F0CC12600E06BB3 /* Debug */ = {
			isa = XCBuildConfiguration;
			buildSettings = {
				ALWAYS_EMBED_SWIFT_STANDARD_LIBRARIES = YES;
				INFOPLIST_FILE = LeHongPhong_14110409_bai2UITests/Info.plist;
				LD_RUNPATH_SEARCH_PATHS = "$(inherited) @executable_path/Frameworks @loader_path/Frameworks";
				PRODUCT_BUNDLE_IDENTIFIER = "com.edu.example.LeHongPhong-14110409-bai2UITests";
				PRODUCT_NAME = "$(TARGET_NAME)";
				SWIFT_VERSION = 3.0;
				TEST_TARGET_NAME = LeHongPhong_14110409_bai2;
			};
			name = Debug;
		};
		260B599D1F0CC12600E06BB3 /* Release */ = {
			isa = XCBuildConfiguration;
			buildSettings = {
				ALWAYS_EMBED_SWIFT_STANDARD_LIBRARIES = YES;
				INFOPLIST_FILE = LeHongPhong_14110409_bai2UITests/Info.plist;
				LD_RUNPATH_SEARCH_PATHS = "$(inherited) @executable_path/Frameworks @loader_path/Frameworks";
				PRODUCT_BUNDLE_IDENTIFIER = "com.edu.example.LeHongPhong-14110409-bai2UITests";
				PRODUCT_NAME = "$(TARGET_NAME)";
				SWIFT_VERSION = 3.0;
				TEST_TARGET_NAME = LeHongPhong_14110409_bai2;
			};
			name = Release;
		};
/* End XCBuildConfiguration section */

/* Begin XCConfigurationList section */
		260B59681F0CC12600E06BB3 /* Build configuration list for PBXProject "LeHongPhong_14110409_bai2" */ = {
			isa = XCConfigurationList;
			buildConfigurations = (
				260B59931F0CC12600E06BB3 /* Debug */,
				260B59941F0CC12600E06BB3 /* Release */,
			);
			defaultConfigurationIsVisible = 0;
			defaultConfigurationName = Release;
		};
		260B59951F0CC12600E06BB3 /* Build configuration list for PBXNativeTarget "LeHongPhong_14110409_bai2" */ = {
			isa = XCConfigurationList;
			buildConfigurations = (
				260B59961F0CC12600E06BB3 /* Debug */,
				260B59971F0CC12600E06BB3 /* Release */,
			);
			defaultConfigurationIsVisible = 0;
		};
		260B59981F0CC12600E06BB3 /* Build configuration list for PBXNativeTarget "LeHongPhong_14110409_bai2Tests" */ = {
			isa = XCConfigurationList;
			buildConfigurations = (
				260B59991F0CC12600E06BB3 /* Debug */,
				260B599A1F0CC12600E06BB3 /* Release */,
			);
			defaultConfigurationIsVisible = 0;
		};
		260B599B1F0CC12600E06BB3 /* Build configuration list for PBXNativeTarget "LeHongPhong_14110409_bai2UITests" */ = {
			isa = XCConfigurationList;
			buildConfigurations = (
				260B599C1F0CC12600E06BB3 /* Debug */,
				260B599D1F0CC12600E06BB3 /* Release */,
			);
			defaultConfigurationIsVisible = 0;
		};
/* End XCConfigurationList section */
	};
	rootObject = 260B59651F0CC12600E06BB3 /* Project object */;
}
